// !$*UTF8*$!
{
	archiveVersion = 1;
	classes = {
	};
	objectVersion = 55;
	objects = {

/* Begin PBXBuildFile section */
		94ABF4C228AA8B0A00551AA0 /* MultilineError.swift in Sources */ = {isa = PBXBuildFile; fileRef = 94ABF4BF28AA8B0900551AA0 /* MultilineError.swift */; };
		94ABF4C328AA8B0A00551AA0 /* Indents.swift in Sources */ = {isa = PBXBuildFile; fileRef = 94ABF4C028AA8B0900551AA0 /* Indents.swift */; };
		94ABF4C428AA8B0A00551AA0 /* SelectedInitsFormatter.swift in Sources */ = {isa = PBXBuildFile; fileRef = 94ABF4C128AA8B0A00551AA0 /* SelectedInitsFormatter.swift */; };
		94B001AA28AA8764004A6A33 /* MultilineApp.swift in Sources */ = {isa = PBXBuildFile; fileRef = 94B001A928AA8764004A6A33 /* MultilineApp.swift */; };
		94B001AE28AA8764004A6A33 /* Assets.xcassets in Resources */ = {isa = PBXBuildFile; fileRef = 94B001AD28AA8764004A6A33 /* Assets.xcassets */; };
		94B001B128AA8764004A6A33 /* Preview Assets.xcassets in Resources */ = {isa = PBXBuildFile; fileRef = 94B001B028AA8764004A6A33 /* Preview Assets.xcassets */; };
		94B001BF28AA8789004A6A33 /* Cocoa.framework in Frameworks */ = {isa = PBXBuildFile; fileRef = 94B001BE28AA8789004A6A33 /* Cocoa.framework */; };
		94B001C128AA8789004A6A33 /* XcodeKit.framework in Frameworks */ = {isa = PBXBuildFile; fileRef = 94B001C028AA8789004A6A33 /* XcodeKit.framework */; };
		94B001C428AA8789004A6A33 /* SourceEditorExtension.swift in Sources */ = {isa = PBXBuildFile; fileRef = 94B001C328AA8789004A6A33 /* SourceEditorExtension.swift */; };
		94B001CB28AA8789004A6A33 /* Multiline Arguments.appex in Embed App Extensions */ = {isa = PBXBuildFile; fileRef = 94B001BC28AA8789004A6A33 /* Multiline Arguments.appex */; settings = {ATTRIBUTES = (RemoveHeadersOnCopy, ); }; };
/* End PBXBuildFile section */

/* Begin PBXContainerItemProxy section */
		94B001C928AA8789004A6A33 /* PBXContainerItemProxy */ = {
			isa = PBXContainerItemProxy;
			containerPortal = 94B0019E28AA8763004A6A33 /* Project object */;
			proxyType = 1;
			remoteGlobalIDString = 94B001BB28AA8789004A6A33;
			remoteInfo = "Multiline Arguments";
		};
/* End PBXContainerItemProxy section */

/* Begin PBXCopyFilesBuildPhase section */
		94B001CF28AA8789004A6A33 /* Embed App Extensions */ = {
			isa = PBXCopyFilesBuildPhase;
			buildActionMask = 2147483647;
			dstPath = "";
			dstSubfolderSpec = 13;
			files = (
				94B001CB28AA8789004A6A33 /* Multiline Arguments.appex in Embed App Extensions */,
			);
			name = "Embed App Extensions";
			runOnlyForDeploymentPostprocessing = 0;
		};
/* End PBXCopyFilesBuildPhase section */

/* Begin PBXFileReference section */
		94ABF4BF28AA8B0900551AA0 /* MultilineError.swift */ = {isa = PBXFileReference; fileEncoding = 4; lastKnownFileType = sourcecode.swift; name = MultilineError.swift; path = "../../LineWallah Project/LineWallah/LineWallah for Xcode/MultilineError.swift"; sourceTree = "<group>"; };
		94ABF4C028AA8B0900551AA0 /* Indents.swift */ = {isa = PBXFileReference; fileEncoding = 4; lastKnownFileType = sourcecode.swift; name = Indents.swift; path = "../../LineWallah Project/LineWallah/LineWallah for Xcode/Indents.swift"; sourceTree = "<group>"; };
		94ABF4C128AA8B0A00551AA0 /* SelectedInitsFormatter.swift */ = {isa = PBXFileReference; fileEncoding = 4; lastKnownFileType = sourcecode.swift; name = SelectedInitsFormatter.swift; path = "../../LineWallah Project/LineWallah/LineWallah for Xcode/SelectedInitsFormatter.swift"; sourceTree = "<group>"; };
		94B001A628AA8764004A6A33 /* Multiline Arguments for Xcode.app */ = {isa = PBXFileReference; explicitFileType = wrapper.application; includeInIndex = 0; path = "Multiline Arguments for Xcode.app"; sourceTree = BUILT_PRODUCTS_DIR; };
		94B001A928AA8764004A6A33 /* MultilineApp.swift */ = {isa = PBXFileReference; lastKnownFileType = sourcecode.swift; path = MultilineApp.swift; sourceTree = "<group>"; };
		94B001AD28AA8764004A6A33 /* Assets.xcassets */ = {isa = PBXFileReference; lastKnownFileType = folder.assetcatalog; path = Assets.xcassets; sourceTree = "<group>"; };
		94B001B028AA8764004A6A33 /* Preview Assets.xcassets */ = {isa = PBXFileReference; lastKnownFileType = folder.assetcatalog; path = "Preview Assets.xcassets"; sourceTree = "<group>"; };
		94B001B228AA8764004A6A33 /* Multiline_Arguments_for_Xcode.entitlements */ = {isa = PBXFileReference; lastKnownFileType = text.plist.entitlements; path = Multiline_Arguments_for_Xcode.entitlements; sourceTree = "<group>"; };
		94B001BC28AA8789004A6A33 /* Multiline Arguments.appex */ = {isa = PBXFileReference; explicitFileType = "wrapper.app-extension"; includeInIndex = 0; path = "Multiline Arguments.appex"; sourceTree = BUILT_PRODUCTS_DIR; };
		94B001BE28AA8789004A6A33 /* Cocoa.framework */ = {isa = PBXFileReference; lastKnownFileType = wrapper.framework; name = Cocoa.framework; path = System/Library/Frameworks/Cocoa.framework; sourceTree = SDKROOT; };
		94B001C028AA8789004A6A33 /* XcodeKit.framework */ = {isa = PBXFileReference; lastKnownFileType = wrapper.framework; name = XcodeKit.framework; path = Library/Frameworks/XcodeKit.framework; sourceTree = DEVELOPER_DIR; };
		94B001C328AA8789004A6A33 /* SourceEditorExtension.swift */ = {isa = PBXFileReference; lastKnownFileType = sourcecode.swift; path = SourceEditorExtension.swift; sourceTree = "<group>"; };
		94B001C728AA8789004A6A33 /* Info.plist */ = {isa = PBXFileReference; lastKnownFileType = text.plist.xml; path = Info.plist; sourceTree = "<group>"; };
		94B001C828AA8789004A6A33 /* Multiline_Arguments.entitlements */ = {isa = PBXFileReference; lastKnownFileType = text.plist.entitlements; path = Multiline_Arguments.entitlements; sourceTree = "<group>"; };
/* End PBXFileReference section */

/* Begin PBXFrameworksBuildPhase section */
		94B001A328AA8763004A6A33 /* Frameworks */ = {
			isa = PBXFrameworksBuildPhase;
			buildActionMask = 2147483647;
			files = (
			);
			runOnlyForDeploymentPostprocessing = 0;
		};
		94B001B928AA8789004A6A33 /* Frameworks */ = {
			isa = PBXFrameworksBuildPhase;
			buildActionMask = 2147483647;
			files = (
				94B001BF28AA8789004A6A33 /* Cocoa.framework in Frameworks */,
				94B001C128AA8789004A6A33 /* XcodeKit.framework in Frameworks */,
			);
			runOnlyForDeploymentPostprocessing = 0;
		};
/* End PBXFrameworksBuildPhase section */

/* Begin PBXGroup section */
		94B0019D28AA8763004A6A33 = {
			isa = PBXGroup;
			children = (
				94B001A828AA8764004A6A33 /* Multiline Arguments for Xcode */,
				94B001C228AA8789004A6A33 /* Multiline Arguments */,
				94B001BD28AA8789004A6A33 /* Frameworks */,
				94B001A728AA8764004A6A33 /* Products */,
			);
			sourceTree = "<group>";
		};
		94B001A728AA8764004A6A33 /* Products */ = {
			isa = PBXGroup;
			children = (
				94B001A628AA8764004A6A33 /* Multiline Arguments for Xcode.app */,
				94B001BC28AA8789004A6A33 /* Multiline Arguments.appex */,
			);
			name = Products;
			sourceTree = "<group>";
		};
		94B001A828AA8764004A6A33 /* Multiline Arguments for Xcode */ = {
			isa = PBXGroup;
			children = (
				94B001A928AA8764004A6A33 /* MultilineApp.swift */,
				94B001AD28AA8764004A6A33 /* Assets.xcassets */,
				94B001B228AA8764004A6A33 /* Multiline_Arguments_for_Xcode.entitlements */,
				94B001AF28AA8764004A6A33 /* Preview Content */,
			);
			path = "Multiline Arguments for Xcode";
			sourceTree = "<group>";
		};
		94B001AF28AA8764004A6A33 /* Preview Content */ = {
			isa = PBXGroup;
			children = (
				94B001B028AA8764004A6A33 /* Preview Assets.xcassets */,
			);
			path = "Preview Content";
			sourceTree = "<group>";
		};
		94B001BD28AA8789004A6A33 /* Frameworks */ = {
			isa = PBXGroup;
			children = (
				94B001BE28AA8789004A6A33 /* Cocoa.framework */,
				94B001C028AA8789004A6A33 /* XcodeKit.framework */,
			);
			name = Frameworks;
			sourceTree = "<group>";
		};
		94B001C228AA8789004A6A33 /* Multiline Arguments */ = {
			isa = PBXGroup;
			children = (
				94B001C328AA8789004A6A33 /* SourceEditorExtension.swift */,
				94ABF4C028AA8B0900551AA0 /* Indents.swift */,
				94ABF4C128AA8B0A00551AA0 /* SelectedInitsFormatter.swift */,
				94ABF4BF28AA8B0900551AA0 /* MultilineError.swift */,
				94B001C728AA8789004A6A33 /* Info.plist */,
				94B001C828AA8789004A6A33 /* Multiline_Arguments.entitlements */,
			);
			path = "Multiline Arguments";
			sourceTree = "<group>";
		};
/* End PBXGroup section */

/* Begin PBXNativeTarget section */
		94B001A528AA8763004A6A33 /* Multiline Arguments for Xcode */ = {
			isa = PBXNativeTarget;
			buildConfigurationList = 94B001B528AA8764004A6A33 /* Build configuration list for PBXNativeTarget "Multiline Arguments for Xcode" */;
			buildPhases = (
				94B001A228AA8763004A6A33 /* Sources */,
				94B001A328AA8763004A6A33 /* Frameworks */,
				94B001A428AA8763004A6A33 /* Resources */,
				94B001CF28AA8789004A6A33 /* Embed App Extensions */,
			);
			buildRules = (
			);
			dependencies = (
				94B001CA28AA8789004A6A33 /* PBXTargetDependency */,
			);
			name = "Multiline Arguments for Xcode";
			productName = "Multiline Arguments for Xcode";
			productReference = 94B001A628AA8764004A6A33 /* Multiline Arguments for Xcode.app */;
			productType = "com.apple.product-type.application";
		};
		94B001BB28AA8789004A6A33 /* Multiline Arguments */ = {
			isa = PBXNativeTarget;
			buildConfigurationList = 94B001CC28AA8789004A6A33 /* Build configuration list for PBXNativeTarget "Multiline Arguments" */;
			buildPhases = (
				94B001B828AA8789004A6A33 /* Sources */,
				94B001B928AA8789004A6A33 /* Frameworks */,
				94B001BA28AA8789004A6A33 /* Resources */,
			);
			buildRules = (
			);
			dependencies = (
			);
			name = "Multiline Arguments";
			productName = "Multiline Arguments";
			productReference = 94B001BC28AA8789004A6A33 /* Multiline Arguments.appex */;
			productType = "com.apple.product-type.xcode-extension";
		};
/* End PBXNativeTarget section */

/* Begin PBXProject section */
		94B0019E28AA8763004A6A33 /* Project object */ = {
			isa = PBXProject;
			attributes = {
				BuildIndependentTargetsInParallel = 1;
				LastSwiftUpdateCheck = 1340;
				LastUpgradeCheck = 1340;
				TargetAttributes = {
					94B001A528AA8763004A6A33 = {
						CreatedOnToolsVersion = 13.4.1;
					};
					94B001BB28AA8789004A6A33 = {
						CreatedOnToolsVersion = 13.4.1;
					};
				};
			};
			buildConfigurationList = 94B001A128AA8763004A6A33 /* Build configuration list for PBXProject "Multiline Arguments for Xcode" */;
			compatibilityVersion = "Xcode 13.0";
			developmentRegion = en;
			hasScannedForEncodings = 0;
			knownRegions = (
				en,
				Base,
			);
			mainGroup = 94B0019D28AA8763004A6A33;
			productRefGroup = 94B001A728AA8764004A6A33 /* Products */;
			projectDirPath = "";
			projectRoot = "";
			targets = (
				94B001A528AA8763004A6A33 /* Multiline Arguments for Xcode */,
				94B001BB28AA8789004A6A33 /* Multiline Arguments */,
			);
		};
/* End PBXProject section */

/* Begin PBXResourcesBuildPhase section */
		94B001A428AA8763004A6A33 /* Resources */ = {
			isa = PBXResourcesBuildPhase;
			buildActionMask = 2147483647;
			files = (
				94B001B128AA8764004A6A33 /* Preview Assets.xcassets in Resources */,
				94B001AE28AA8764004A6A33 /* Assets.xcassets in Resources */,
			);
			runOnlyForDeploymentPostprocessing = 0;
		};
		94B001BA28AA8789004A6A33 /* Resources */ = {
			isa = PBXResourcesBuildPhase;
			buildActionMask = 2147483647;
			files = (
			);
			runOnlyForDeploymentPostprocessing = 0;
		};
/* End PBXResourcesBuildPhase section */

/* Begin PBXSourcesBuildPhase section */
		94B001A228AA8763004A6A33 /* Sources */ = {
			isa = PBXSourcesBuildPhase;
			buildActionMask = 2147483647;
			files = (
				94B001AA28AA8764004A6A33 /* MultilineApp.swift in Sources */,
			);
			runOnlyForDeploymentPostprocessing = 0;
		};
		94B001B828AA8789004A6A33 /* Sources */ = {
			isa = PBXSourcesBuildPhase;
			buildActionMask = 2147483647;
			files = (
				94B001C428AA8789004A6A33 /* SourceEditorExtension.swift in Sources */,
				94ABF4C328AA8B0A00551AA0 /* Indents.swift in Sources */,
				94ABF4C428AA8B0A00551AA0 /* SelectedInitsFormatter.swift in Sources */,
				94ABF4C228AA8B0A00551AA0 /* MultilineError.swift in Sources */,
			);
			runOnlyForDeploymentPostprocessing = 0;
		};
/* End PBXSourcesBuildPhase section */

/* Begin PBXTargetDependency section */
		94B001CA28AA8789004A6A33 /* PBXTargetDependency */ = {
			isa = PBXTargetDependency;
			target = 94B001BB28AA8789004A6A33 /* Multiline Arguments */;
			targetProxy = 94B001C928AA8789004A6A33 /* PBXContainerItemProxy */;
		};
/* End PBXTargetDependency section */

/* Begin XCBuildConfiguration section */
		94B001B328AA8764004A6A33 /* Debug */ = {
			isa = XCBuildConfiguration;
			buildSettings = {
				ALWAYS_SEARCH_USER_PATHS = NO;
				CLANG_ANALYZER_NONNULL = YES;
				CLANG_ANALYZER_NUMBER_OBJECT_CONVERSION = YES_AGGRESSIVE;
				CLANG_CXX_LANGUAGE_STANDARD = "gnu++17";
				CLANG_ENABLE_MODULES = YES;
				CLANG_ENABLE_OBJC_ARC = YES;
				CLANG_ENABLE_OBJC_WEAK = YES;
				CLANG_WARN_BLOCK_CAPTURE_AUTORELEASING = YES;
				CLANG_WARN_BOOL_CONVERSION = YES;
				CLANG_WARN_COMMA = YES;
				CLANG_WARN_CONSTANT_CONVERSION = YES;
				CLANG_WARN_DEPRECATED_OBJC_IMPLEMENTATIONS = YES;
				CLANG_WARN_DIRECT_OBJC_ISA_USAGE = YES_ERROR;
				CLANG_WARN_DOCUMENTATION_COMMENTS = YES;
				CLANG_WARN_EMPTY_BODY = YES;
				CLANG_WARN_ENUM_CONVERSION = YES;
				CLANG_WARN_INFINITE_RECURSION = YES;
				CLANG_WARN_INT_CONVERSION = YES;
				CLANG_WARN_NON_LITERAL_NULL_CONVERSION = YES;
				CLANG_WARN_OBJC_IMPLICIT_RETAIN_SELF = YES;
				CLANG_WARN_OBJC_LITERAL_CONVERSION = YES;
				CLANG_WARN_OBJC_ROOT_CLASS = YES_ERROR;
				CLANG_WARN_QUOTED_INCLUDE_IN_FRAMEWORK_HEADER = YES;
				CLANG_WARN_RANGE_LOOP_ANALYSIS = YES;
				CLANG_WARN_STRICT_PROTOTYPES = YES;
				CLANG_WARN_SUSPICIOUS_MOVE = YES;
				CLANG_WARN_UNGUARDED_AVAILABILITY = YES_AGGRESSIVE;
				CLANG_WARN_UNREACHABLE_CODE = YES;
				CLANG_WARN__DUPLICATE_METHOD_MATCH = YES;
				COPY_PHASE_STRIP = NO;
				DEBUG_INFORMATION_FORMAT = dwarf;
				ENABLE_STRICT_OBJC_MSGSEND = YES;
				ENABLE_TESTABILITY = YES;
				GCC_C_LANGUAGE_STANDARD = gnu11;
				GCC_DYNAMIC_NO_PIC = NO;
				GCC_NO_COMMON_BLOCKS = YES;
				GCC_OPTIMIZATION_LEVEL = 0;
				GCC_PREPROCESSOR_DEFINITIONS = (
					"DEBUG=1",
					"$(inherited)",
				);
				GCC_WARN_64_TO_32_BIT_CONVERSION = YES;
				GCC_WARN_ABOUT_RETURN_TYPE = YES_ERROR;
				GCC_WARN_UNDECLARED_SELECTOR = YES;
				GCC_WARN_UNINITIALIZED_AUTOS = YES_AGGRESSIVE;
				GCC_WARN_UNUSED_FUNCTION = YES;
				GCC_WARN_UNUSED_VARIABLE = YES;
				MACOSX_DEPLOYMENT_TARGET = 12.3;
				MTL_ENABLE_DEBUG_INFO = INCLUDE_SOURCE;
				MTL_FAST_MATH = YES;
				ONLY_ACTIVE_ARCH = YES;
				SDKROOT = macosx;
				SWIFT_ACTIVE_COMPILATION_CONDITIONS = DEBUG;
				SWIFT_OPTIMIZATION_LEVEL = "-Onone";
			};
			name = Debug;
		};
		94B001B428AA8764004A6A33 /* Release */ = {
			isa = XCBuildConfiguration;
			buildSettings = {
				ALWAYS_SEARCH_USER_PATHS = NO;
				CLANG_ANALYZER_NONNULL = YES;
				CLANG_ANALYZER_NUMBER_OBJECT_CONVERSION = YES_AGGRESSIVE;
				CLANG_CXX_LANGUAGE_STANDARD = "gnu++17";
				CLANG_ENABLE_MODULES = YES;
				CLANG_ENABLE_OBJC_ARC = YES;
				CLANG_ENABLE_OBJC_WEAK = YES;
				CLANG_WARN_BLOCK_CAPTURE_AUTORELEASING = YES;
				CLANG_WARN_BOOL_CONVERSION = YES;
				CLANG_WARN_COMMA = YES;
				CLANG_WARN_CONSTANT_CONVERSION = YES;
				CLANG_WARN_DEPRECATED_OBJC_IMPLEMENTATIONS = YES;
				CLANG_WARN_DIRECT_OBJC_ISA_USAGE = YES_ERROR;
				CLANG_WARN_DOCUMENTATION_COMMENTS = YES;
				CLANG_WARN_EMPTY_BODY = YES;
				CLANG_WARN_ENUM_CONVERSION = YES;
				CLANG_WARN_INFINITE_RECURSION = YES;
				CLANG_WARN_INT_CONVERSION = YES;
				CLANG_WARN_NON_LITERAL_NULL_CONVERSION = YES;
				CLANG_WARN_OBJC_IMPLICIT_RETAIN_SELF = YES;
				CLANG_WARN_OBJC_LITERAL_CONVERSION = YES;
				CLANG_WARN_OBJC_ROOT_CLASS = YES_ERROR;
				CLANG_WARN_QUOTED_INCLUDE_IN_FRAMEWORK_HEADER = YES;
				CLANG_WARN_RANGE_LOOP_ANALYSIS = YES;
				CLANG_WARN_STRICT_PROTOTYPES = YES;
				CLANG_WARN_SUSPICIOUS_MOVE = YES;
				CLANG_WARN_UNGUARDED_AVAILABILITY = YES_AGGRESSIVE;
				CLANG_WARN_UNREACHABLE_CODE = YES;
				CLANG_WARN__DUPLICATE_METHOD_MATCH = YES;
				COPY_PHASE_STRIP = NO;
				DEBUG_INFORMATION_FORMAT = "dwarf-with-dsym";
				ENABLE_NS_ASSERTIONS = NO;
				ENABLE_STRICT_OBJC_MSGSEND = YES;
				GCC_C_LANGUAGE_STANDARD = gnu11;
				GCC_NO_COMMON_BLOCKS = YES;
				GCC_WARN_64_TO_32_BIT_CONVERSION = YES;
				GCC_WARN_ABOUT_RETURN_TYPE = YES_ERROR;
				GCC_WARN_UNDECLARED_SELECTOR = YES;
				GCC_WARN_UNINITIALIZED_AUTOS = YES_AGGRESSIVE;
				GCC_WARN_UNUSED_FUNCTION = YES;
				GCC_WARN_UNUSED_VARIABLE = YES;
				MACOSX_DEPLOYMENT_TARGET = 12.3;
				MTL_ENABLE_DEBUG_INFO = NO;
				MTL_FAST_MATH = YES;
				SDKROOT = macosx;
				SWIFT_COMPILATION_MODE = wholemodule;
				SWIFT_OPTIMIZATION_LEVEL = "-O";
			};
			name = Release;
		};
		94B001B628AA8764004A6A33 /* Debug */ = {
			isa = XCBuildConfiguration;
			buildSettings = {
				ALWAYS_EMBED_SWIFT_STANDARD_LIBRARIES = YES;
				ASSETCATALOG_COMPILER_APPICON_NAME = AppIcon;
				ASSETCATALOG_COMPILER_GLOBAL_ACCENT_COLOR_NAME = AccentColor;
				CODE_SIGN_ENTITLEMENTS = "Multiline Arguments for Xcode/Multiline_Arguments_for_Xcode.entitlements";
				CODE_SIGN_STYLE = Automatic;
				COMBINE_HIDPI_IMAGES = YES;
				CURRENT_PROJECT_VERSION = 1;
				DEVELOPMENT_ASSET_PATHS = "\"Multiline Arguments for Xcode/Preview Content\"";
				DEVELOPMENT_TEAM = FVC2SFVFYG;
				ENABLE_HARDENED_RUNTIME = YES;
				ENABLE_PREVIEWS = YES;
				GENERATE_INFOPLIST_FILE = YES;
				INFOPLIST_KEY_NSHumanReadableCopyright = "";
				LD_RUNPATH_SEARCH_PATHS = (
					"$(inherited)",
					"@executable_path/../Frameworks",
				);
				MARKETING_VERSION = 1.0;
				PRODUCT_BUNDLE_IDENTIFIER = "com.ryanferrell.Multiline-Arguments-for-Xcode";
				PRODUCT_NAME = "$(TARGET_NAME)";
				SWIFT_EMIT_LOC_STRINGS = YES;
				SWIFT_VERSION = 5.0;
			};
			name = Debug;
		};
		94B001B728AA8764004A6A33 /* Release */ = {
			isa = XCBuildConfiguration;
			buildSettings = {
				ALWAYS_EMBED_SWIFT_STANDARD_LIBRARIES = YES;
				ASSETCATALOG_COMPILER_APPICON_NAME = AppIcon;
				ASSETCATALOG_COMPILER_GLOBAL_ACCENT_COLOR_NAME = AccentColor;
				CODE_SIGN_ENTITLEMENTS = "Multiline Arguments for Xcode/Multiline_Arguments_for_Xcode.entitlements";
				CODE_SIGN_STYLE = Automatic;
				COMBINE_HIDPI_IMAGES = YES;
				CURRENT_PROJECT_VERSION = 1;
				DEVELOPMENT_ASSET_PATHS = "\"Multiline Arguments for Xcode/Preview Content\"";
				DEVELOPMENT_TEAM = FVC2SFVFYG;
				ENABLE_HARDENED_RUNTIME = YES;
				ENABLE_PREVIEWS = YES;
				GENERATE_INFOPLIST_FILE = YES;
				INFOPLIST_KEY_NSHumanReadableCopyright = "";
				LD_RUNPATH_SEARCH_PATHS = (
					"$(inherited)",
					"@executable_path/../Frameworks",
				);
				MARKETING_VERSION = 1.0;
				PRODUCT_BUNDLE_IDENTIFIER = "com.ryanferrell.Multiline-Arguments-for-Xcode";
				PRODUCT_NAME = "$(TARGET_NAME)";
				SWIFT_EMIT_LOC_STRINGS = YES;
				SWIFT_VERSION = 5.0;
			};
			name = Release;
		};
		94B001CD28AA8789004A6A33 /* Debug */ = {
			isa = XCBuildConfiguration;
			buildSettings = {
				CODE_SIGN_ENTITLEMENTS = "Multiline Arguments/Multiline_Arguments.entitlements";
				CODE_SIGN_STYLE = Automatic;
				COMBINE_HIDPI_IMAGES = YES;
				CURRENT_PROJECT_VERSION = 1;
				DEVELOPMENT_TEAM = FVC2SFVFYG;
				ENABLE_HARDENED_RUNTIME = YES;
				GENERATE_INFOPLIST_FILE = YES;
				INFOPLIST_FILE = "Multiline Arguments/Info.plist";
				INFOPLIST_KEY_CFBundleDisplayName = "Multiline Arguments";
				INFOPLIST_KEY_NSHumanReadableCopyright = "";
				LD_RUNPATH_SEARCH_PATHS = (
					"$(inherited)",
					"@executable_path/../Frameworks",
					"@executable_path/../../../../Frameworks",
				);
				MARKETING_VERSION = 1.0;
				PRODUCT_BUNDLE_IDENTIFIER = "com.ryanferrell.Multiline-Arguments-for-Xcode.Multiline-Arguments";
				PRODUCT_NAME = "$(TARGET_NAME)";
				SKIP_INSTALL = YES;
				SWIFT_EMIT_LOC_STRINGS = YES;
				SWIFT_VERSION = 5.0;
			};
			name = Debug;
		};
		94B001CE28AA8789004A6A33 /* Release */ = {
			isa = XCBuildConfiguration;
			buildSettings = {
				CODE_SIGN_ENTITLEMENTS = "Multiline Arguments/Multiline_Arguments.entitlements";
				CODE_SIGN_STYLE = Automatic;
				COMBINE_HIDPI_IMAGES = YES;
				CURRENT_PROJECT_VERSION = 1;
				DEVELOPMENT_TEAM = FVC2SFVFYG;
				ENABLE_HARDENED_RUNTIME = YES;
				GENERATE_INFOPLIST_FILE = YES;
				INFOPLIST_FILE = "Multiline Arguments/Info.plist";
				INFOPLIST_KEY_CFBundleDisplayName = "Multiline Arguments";
				INFOPLIST_KEY_NSHumanReadableCopyright = "";
				LD_RUNPATH_SEARCH_PATHS = (
					"$(inherited)",
					"@executable_path/../Frameworks",
					"@executable_path/../../../../Frameworks",
				);
				MARKETING_VERSION = 1.0;
				PRODUCT_BUNDLE_IDENTIFIER = "com.ryanferrell.Multiline-Arguments-for-Xcode.Multiline-Arguments";
				PRODUCT_NAME = "$(TARGET_NAME)";
				SKIP_INSTALL = YES;
				SWIFT_EMIT_LOC_STRINGS = YES;
				SWIFT_VERSION = 5.0;
			};
			name = Release;
		};
/* End XCBuildConfiguration section */

/* Begin XCConfigurationList section */
		94B001A128AA8763004A6A33 /* Build configuration list for PBXProject "Multiline Arguments for Xcode" */ = {
			isa = XCConfigurationList;
			buildConfigurations = (
				94B001B328AA8764004A6A33 /* Debug */,
				94B001B428AA8764004A6A33 /* Release */,
			);
			defaultConfigurationIsVisible = 0;
			defaultConfigurationName = Release;
		};
		94B001B528AA8764004A6A33 /* Build configuration list for PBXNativeTarget "Multiline Arguments for Xcode" */ = {
			isa = XCConfigurationList;
			buildConfigurations = (
				94B001B628AA8764004A6A33 /* Debug */,
				94B001B728AA8764004A6A33 /* Release */,
			);
			defaultConfigurationIsVisible = 0;
			defaultConfigurationName = Release;
		};
		94B001CC28AA8789004A6A33 /* Build configuration list for PBXNativeTarget "Multiline Arguments" */ = {
			isa = XCConfigurationList;
			buildConfigurations = (
				94B001CD28AA8789004A6A33 /* Debug */,
				94B001CE28AA8789004A6A33 /* Release */,
			);
			defaultConfigurationIsVisible = 0;
			defaultConfigurationName = Release;
		};
/* End XCConfigurationList section */
	};
	rootObject = 94B0019E28AA8763004A6A33 /* Project object */;
}
